// !$*UTF8*$!
{
	archiveVersion = 1;
	classes = {
	};
	objectVersion = 46;
	objects = {

/* Begin PBXBuildFile section */
		858C71CC180AB7AE00A99262 /* Foundation.framework in Frameworks */ = {isa = PBXBuildFile; fileRef = 858C71CB180AB7AE00A99262 /* Foundation.framework */; };
		858C71CE180AB7AE00A99262 /* CoreGraphics.framework in Frameworks */ = {isa = PBXBuildFile; fileRef = 858C71CD180AB7AE00A99262 /* CoreGraphics.framework */; };
		858C71D0180AB7AE00A99262 /* UIKit.framework in Frameworks */ = {isa = PBXBuildFile; fileRef = 858C71CF180AB7AE00A99262 /* UIKit.framework */; };
		858C71D6180AB7AE00A99262 /* InfoPlist.strings in Resources */ = {isa = PBXBuildFile; fileRef = 858C71D4180AB7AE00A99262 /* InfoPlist.strings */; };
		858C71D8180AB7AE00A99262 /* main.m in Sources */ = {isa = PBXBuildFile; fileRef = 858C71D7180AB7AE00A99262 /* main.m */; };
		858C71DC180AB7AE00A99262 /* AppDelegate.m in Sources */ = {isa = PBXBuildFile; fileRef = 858C71DB180AB7AE00A99262 /* AppDelegate.m */; };
		858C71DF180AB7AE00A99262 /* Main.storyboard in Resources */ = {isa = PBXBuildFile; fileRef = 858C71DD180AB7AE00A99262 /* Main.storyboard */; };
		858C71E2180AB7AE00A99262 /* ViewController.mm in Sources */ = {isa = PBXBuildFile; fileRef = 858C71E1180AB7AE00A99262 /* ViewController.mm */; };
		858C71E4180AB7AE00A99262 /* Images.xcassets in Resources */ = {isa = PBXBuildFile; fileRef = 858C71E3180AB7AE00A99262 /* Images.xcassets */; };
		858C71EB180AB7AE00A99262 /* XCTest.framework in Frameworks */ = {isa = PBXBuildFile; fileRef = 858C71EA180AB7AE00A99262 /* XCTest.framework */; };
		858C71EC180AB7AE00A99262 /* Foundation.framework in Frameworks */ = {isa = PBXBuildFile; fileRef = 858C71CB180AB7AE00A99262 /* Foundation.framework */; };
		858C71ED180AB7AE00A99262 /* UIKit.framework in Frameworks */ = {isa = PBXBuildFile; fileRef = 858C71CF180AB7AE00A99262 /* UIKit.framework */; };
		858C71F5180AB7AE00A99262 /* InfoPlist.strings in Resources */ = {isa = PBXBuildFile; fileRef = 858C71F3180AB7AE00A99262 /* InfoPlist.strings */; };
		858C71F7180AB7AE00A99262 /* caculaterTests.m in Sources */ = {isa = PBXBuildFile; fileRef = 858C71F6180AB7AE00A99262 /* caculaterTests.m */; };
		858C723C180AB98200A99262 /* libmylib.a in Frameworks */ = {isa = PBXBuildFile; fileRef = 858C7238180AB7C000A99262 /* libmylib.a */; };
/* End PBXBuildFile section */

/* Begin PBXContainerItemProxy section */
		858C71EE180AB7AE00A99262 /* PBXContainerItemProxy */ = {
			isa = PBXContainerItemProxy;
			containerPortal = 858C71C0180AB7AE00A99262 /* Project object */;
			proxyType = 1;
			remoteGlobalIDString = 858C71C7180AB7AE00A99262;
			remoteInfo = caculater;
		};
		858C7237180AB7C000A99262 /* PBXContainerItemProxy */ = {
			isa = PBXContainerItemProxy;
			containerPortal = 858C7232180AB7BE00A99262 /* mylib.xcodeproj */;
			proxyType = 2;
			remoteGlobalIDString = 858C7209180AB7BE00A99262;
			remoteInfo = mylib;
		};
		858C7239180AB7C000A99262 /* PBXContainerItemProxy */ = {
			isa = PBXContainerItemProxy;
			containerPortal = 858C7232180AB7BE00A99262 /* mylib.xcodeproj */;
			proxyType = 2;
			remoteGlobalIDString = 858C7219180AB7BE00A99262;
			remoteInfo = mylibTests;
		};
/* End PBXContainerItemProxy section */

/* Begin PBXFileReference section */
		858C71C8180AB7AE00A99262 /* caculater.app */ = {isa = PBXFileReference; explicitFileType = wrapper.application; includeInIndex = 0; path = caculater.app; sourceTree = BUILT_PRODUCTS_DIR; };
		858C71CB180AB7AE00A99262 /* Foundation.framework */ = {isa = PBXFileReference; lastKnownFileType = wrapper.framework; name = Foundation.framework; path = System/Library/Frameworks/Foundation.framework; sourceTree = SDKROOT; };
		858C71CD180AB7AE00A99262 /* CoreGraphics.framework */ = {isa = PBXFileReference; lastKnownFileType = wrapper.framework; name = CoreGraphics.framework; path = System/Library/Frameworks/CoreGraphics.framework; sourceTree = SDKROOT; };
		858C71CF180AB7AE00A99262 /* UIKit.framework */ = {isa = PBXFileReference; lastKnownFileType = wrapper.framework; name = UIKit.framework; path = System/Library/Frameworks/UIKit.framework; sourceTree = SDKROOT; };
		858C71D3180AB7AE00A99262 /* caculater-Info.plist */ = {isa = PBXFileReference; lastKnownFileType = text.plist.xml; path = "caculater-Info.plist"; sourceTree = "<group>"; };
		858C71D5180AB7AE00A99262 /* en */ = {isa = PBXFileReference; lastKnownFileType = text.plist.strings; name = en; path = en.lproj/InfoPlist.strings; sourceTree = "<group>"; };
		858C71D7180AB7AE00A99262 /* main.m */ = {isa = PBXFileReference; lastKnownFileType = sourcecode.c.objc; path = main.m; sourceTree = "<group>"; };
		858C71D9180AB7AE00A99262 /* caculater-Prefix.pch */ = {isa = PBXFileReference; lastKnownFileType = sourcecode.c.h; path = "caculater-Prefix.pch"; sourceTree = "<group>"; };
		858C71DA180AB7AE00A99262 /* AppDelegate.h */ = {isa = PBXFileReference; lastKnownFileType = sourcecode.c.h; path = AppDelegate.h; sourceTree = "<group>"; };
		858C71DB180AB7AE00A99262 /* AppDelegate.m */ = {isa = PBXFileReference; lastKnownFileType = sourcecode.c.objc; path = AppDelegate.m; sourceTree = "<group>"; };
		858C71DE180AB7AE00A99262 /* Base */ = {isa = PBXFileReference; lastKnownFileType = file.storyboard; name = Base; path = Base.lproj/Main.storyboard; sourceTree = "<group>"; };
		858C71E0180AB7AE00A99262 /* ViewController.h */ = {isa = PBXFileReference; lastKnownFileType = sourcecode.c.h; path = ViewController.h; sourceTree = "<group>"; };
		858C71E1180AB7AE00A99262 /* ViewController.mm */ = {isa = PBXFileReference; lastKnownFileType = sourcecode.cpp.objcpp; path = ViewController.mm; sourceTree = "<group>"; };
		858C71E3180AB7AE00A99262 /* Images.xcassets */ = {isa = PBXFileReference; lastKnownFileType = folder.assetcatalog; path = Images.xcassets; sourceTree = "<group>"; };
		858C71E9180AB7AE00A99262 /* caculaterTests.xctest */ = {isa = PBXFileReference; explicitFileType = wrapper.cfbundle; includeInIndex = 0; path = caculaterTests.xctest; sourceTree = BUILT_PRODUCTS_DIR; };
		858C71EA180AB7AE00A99262 /* XCTest.framework */ = {isa = PBXFileReference; lastKnownFileType = wrapper.framework; name = XCTest.framework; path = Library/Frameworks/XCTest.framework; sourceTree = DEVELOPER_DIR; };
		858C71F2180AB7AE00A99262 /* caculaterTests-Info.plist */ = {isa = PBXFileReference; lastKnownFileType = text.plist.xml; path = "caculaterTests-Info.plist"; sourceTree = "<group>"; };
		858C71F4180AB7AE00A99262 /* en */ = {isa = PBXFileReference; lastKnownFileType = text.plist.strings; name = en; path = en.lproj/InfoPlist.strings; sourceTree = "<group>"; };
		858C71F6180AB7AE00A99262 /* caculaterTests.m */ = {isa = PBXFileReference; lastKnownFileType = sourcecode.c.objc; path = caculaterTests.m; sourceTree = "<group>"; };
		858C7232180AB7BE00A99262 /* mylib.xcodeproj */ = {isa = PBXFileReference; lastKnownFileType = "wrapper.pb-project"; name = mylib.xcodeproj; path = mylib/mylib.xcodeproj; sourceTree = "<group>"; };
/* End PBXFileReference section */

/* Begin PBXFrameworksBuildPhase section */
		858C71C5180AB7AE00A99262 /* Frameworks */ = {
			isa = PBXFrameworksBuildPhase;
			buildActionMask = 2147483647;
			files = (
				858C723C180AB98200A99262 /* libmylib.a in Frameworks */,
				858C71CE180AB7AE00A99262 /* CoreGraphics.framework in Frameworks */,
				858C71D0180AB7AE00A99262 /* UIKit.framework in Frameworks */,
				858C71CC180AB7AE00A99262 /* Foundation.framework in Frameworks */,
			);
			runOnlyForDeploymentPostprocessing = 0;
		};
		858C71E6180AB7AE00A99262 /* Frameworks */ = {
			isa = PBXFrameworksBuildPhase;
			buildActionMask = 2147483647;
			files = (
				858C71EB180AB7AE00A99262 /* XCTest.framework in Frameworks */,
				858C71ED180AB7AE00A99262 /* UIKit.framework in Frameworks */,
				858C71EC180AB7AE00A99262 /* Foundation.framework in Frameworks */,
			);
			runOnlyForDeploymentPostprocessing = 0;
		};
/* End PBXFrameworksBuildPhase section */

/* Begin PBXGroup section */
		858C71BF180AB7AE00A99262 = {
			isa = PBXGroup;
			children = (
				858C71D1180AB7AE00A99262 /* caculater */,
				858C7232180AB7BE00A99262 /* mylib.xcodeproj */,
				858C71F0180AB7AE00A99262 /* caculaterTests */,
				858C71CA180AB7AE00A99262 /* Frameworks */,
				858C71C9180AB7AE00A99262 /* Products */,
			);
			sourceTree = "<group>";
		};
		858C71C9180AB7AE00A99262 /* Products */ = {
			isa = PBXGroup;
			children = (
				858C71C8180AB7AE00A99262 /* caculater.app */,
				858C71E9180AB7AE00A99262 /* caculaterTests.xctest */,
			);
			name = Products;
			sourceTree = "<group>";
		};
		858C71CA180AB7AE00A99262 /* Frameworks */ = {
			isa = PBXGroup;
			children = (
				858C71CB180AB7AE00A99262 /* Foundation.framework */,
				858C71CD180AB7AE00A99262 /* CoreGraphics.framework */,
				858C71CF180AB7AE00A99262 /* UIKit.framework */,
				858C71EA180AB7AE00A99262 /* XCTest.framework */,
			);
			name = Frameworks;
			sourceTree = "<group>";
		};
		858C71D1180AB7AE00A99262 /* caculater */ = {
			isa = PBXGroup;
			children = (
				858C71DA180AB7AE00A99262 /* AppDelegate.h */,
				858C71DB180AB7AE00A99262 /* AppDelegate.m */,
				858C71DD180AB7AE00A99262 /* Main.storyboard */,
				858C71E0180AB7AE00A99262 /* ViewController.h */,
				858C71E1180AB7AE00A99262 /* ViewController.mm */,
				858C71E3180AB7AE00A99262 /* Images.xcassets */,
				858C71D2180AB7AE00A99262 /* Supporting Files */,
			);
			path = caculater;
			sourceTree = "<group>";
		};
		858C71D2180AB7AE00A99262 /* Supporting Files */ = {
			isa = PBXGroup;
			children = (
				858C71D3180AB7AE00A99262 /* caculater-Info.plist */,
				858C71D4180AB7AE00A99262 /* InfoPlist.strings */,
				858C71D7180AB7AE00A99262 /* main.m */,
				858C71D9180AB7AE00A99262 /* caculater-Prefix.pch */,
			);
			name = "Supporting Files";
			sourceTree = "<group>";
		};
		858C71F0180AB7AE00A99262 /* caculaterTests */ = {
			isa = PBXGroup;
			children = (
				858C71F6180AB7AE00A99262 /* caculaterTests.m */,
				858C71F1180AB7AE00A99262 /* Supporting Files */,
			);
			path = caculaterTests;
			sourceTree = "<group>";
		};
		858C71F1180AB7AE00A99262 /* Supporting Files */ = {
			isa = PBXGroup;
			children = (
				858C71F2180AB7AE00A99262 /* caculaterTests-Info.plist */,
				858C71F3180AB7AE00A99262 /* InfoPlist.strings */,
			);
			name = "Supporting Files";
			sourceTree = "<group>";
		};
		858C7233180AB7BE00A99262 /* Products */ = {
			isa = PBXGroup;
			children = (
				858C7238180AB7C000A99262 /* libmylib.a */,
				858C723A180AB7C000A99262 /* mylibTests.xctest */,
			);
			name = Products;
			sourceTree = "<group>";
		};
/* End PBXGroup section */

/* Begin PBXNativeTarget section */
		858C71C7180AB7AE00A99262 /* caculater */ = {
			isa = PBXNativeTarget;
			buildConfigurationList = 858C71FA180AB7AE00A99262 /* Build configuration list for PBXNativeTarget "caculater" */;
			buildPhases = (
				858C71C4180AB7AE00A99262 /* Sources */,
				858C71C5180AB7AE00A99262 /* Frameworks */,
				858C71C6180AB7AE00A99262 /* Resources */,
			);
			buildRules = (
			);
			dependencies = (
			);
			name = caculater;
			productName = caculater;
			productReference = 858C71C8180AB7AE00A99262 /* caculater.app */;
			productType = "com.apple.product-type.application";
		};
		858C71E8180AB7AE00A99262 /* caculaterTests */ = {
			isa = PBXNativeTarget;
			buildConfigurationList = 858C71FD180AB7AE00A99262 /* Build configuration list for PBXNativeTarget "caculaterTests" */;
			buildPhases = (
				858C71E5180AB7AE00A99262 /* Sources */,
				858C71E6180AB7AE00A99262 /* Frameworks */,
				858C71E7180AB7AE00A99262 /* Resources */,
			);
			buildRules = (
			);
			dependencies = (
				858C71EF180AB7AE00A99262 /* PBXTargetDependency */,
			);
			name = caculaterTests;
			productName = caculaterTests;
			productReference = 858C71E9180AB7AE00A99262 /* caculaterTests.xctest */;
			productType = "com.apple.product-type.bundle.unit-test";
		};
/* End PBXNativeTarget section */

/* Begin PBXProject section */
		858C71C0180AB7AE00A99262 /* Project object */ = {
			isa = PBXProject;
			attributes = {
				LastUpgradeCheck = 0500;
				ORGANIZATIONNAME = "Nguyen Quoc Bao";
				TargetAttributes = {
					858C71E8180AB7AE00A99262 = {
						TestTargetID = 858C71C7180AB7AE00A99262;
					};
				};
			};
			buildConfigurationList = 858C71C3180AB7AE00A99262 /* Build configuration list for PBXProject "caculater" */;
			compatibilityVersion = "Xcode 3.2";
			developmentRegion = English;
			hasScannedForEncodings = 0;
			knownRegions = (
				en,
				Base,
			);
			mainGroup = 858C71BF180AB7AE00A99262;
			productRefGroup = 858C71C9180AB7AE00A99262 /* Products */;
			projectDirPath = "";
			projectReferences = (
				{
					ProductGroup = 858C7233180AB7BE00A99262 /* Products */;
					ProjectRef = 858C7232180AB7BE00A99262 /* mylib.xcodeproj */;
				},
			);
			projectRoot = "";
			targets = (
				858C71C7180AB7AE00A99262 /* caculater */,
				858C71E8180AB7AE00A99262 /* caculaterTests */,
			);
		};
/* End PBXProject section */

/* Begin PBXReferenceProxy section */
		858C7238180AB7C000A99262 /* libmylib.a */ = {
			isa = PBXReferenceProxy;
			fileType = archive.ar;
			path = libmylib.a;
			remoteRef = 858C7237180AB7C000A99262 /* PBXContainerItemProxy */;
			sourceTree = BUILT_PRODUCTS_DIR;
		};
		858C723A180AB7C000A99262 /* mylibTests.xctest */ = {
			isa = PBXReferenceProxy;
			fileType = wrapper.cfbundle;
			path = mylibTests.xctest;
			remoteRef = 858C7239180AB7C000A99262 /* PBXContainerItemProxy */;
			sourceTree = BUILT_PRODUCTS_DIR;
		};
/* End PBXReferenceProxy section */

/* Begin PBXResourcesBuildPhase section */
		858C71C6180AB7AE00A99262 /* Resources */ = {
			isa = PBXResourcesBuildPhase;
			buildActionMask = 2147483647;
			files = (
				858C71E4180AB7AE00A99262 /* Images.xcassets in Resources */,
				858C71D6180AB7AE00A99262 /* InfoPlist.strings in Resources */,
				858C71DF180AB7AE00A99262 /* Main.storyboard in Resources */,
			);
			runOnlyForDeploymentPostprocessing = 0;
		};
		858C71E7180AB7AE00A99262 /* Resources */ = {
			isa = PBXResourcesBuildPhase;
			buildActionMask = 2147483647;
			files = (
				858C71F5180AB7AE00A99262 /* InfoPlist.strings in Resources */,
			);
			runOnlyForDeploymentPostprocessing = 0;
		};
/* End PBXResourcesBuildPhase section */

/* Begin PBXSourcesBuildPhase section */
		858C71C4180AB7AE00A99262 /* Sources */ = {
			isa = PBXSourcesBuildPhase;
			buildActionMask = 2147483647;
			files = (
				858C71E2180AB7AE00A99262 /* ViewController.mm in Sources */,
				858C71DC180AB7AE00A99262 /* AppDelegate.m in Sources */,
				858C71D8180AB7AE00A99262 /* main.m in Sources */,
			);
			runOnlyForDeploymentPostprocessing = 0;
		};
		858C71E5180AB7AE00A99262 /* Sources */ = {
			isa = PBXSourcesBuildPhase;
			buildActionMask = 2147483647;
			files = (
				858C71F7180AB7AE00A99262 /* caculaterTests.m in Sources */,
			);
			runOnlyForDeploymentPostprocessing = 0;
		};
/* End PBXSourcesBuildPhase section */

/* Begin PBXTargetDependency section */
		858C71EF180AB7AE00A99262 /* PBXTargetDependency */ = {
			isa = PBXTargetDependency;
			target = 858C71C7180AB7AE00A99262 /* caculater */;
			targetProxy = 858C71EE180AB7AE00A99262 /* PBXContainerItemProxy */;
		};
/* End PBXTargetDependency section */

/* Begin PBXVariantGroup section */
		858C71D4180AB7AE00A99262 /* InfoPlist.strings */ = {
			isa = PBXVariantGroup;
			children = (
				858C71D5180AB7AE00A99262 /* en */,
			);
			name = InfoPlist.strings;
			sourceTree = "<group>";
		};
		858C71DD180AB7AE00A99262 /* Main.storyboard */ = {
			isa = PBXVariantGroup;
			children = (
				858C71DE180AB7AE00A99262 /* Base */,
			);
			name = Main.storyboard;
			sourceTree = "<group>";
		};
		858C71F3180AB7AE00A99262 /* InfoPlist.strings */ = {
			isa = PBXVariantGroup;
			children = (
				858C71F4180AB7AE00A99262 /* en */,
			);
			name = InfoPlist.strings;
			sourceTree = "<group>";
		};
/* End PBXVariantGroup section */

/* Begin XCBuildConfiguration section */
		858C71F8180AB7AE00A99262 /* Debug */ = {
			isa = XCBuildConfiguration;
			buildSettings = {
				ALWAYS_SEARCH_USER_PATHS = NO;
				ARCHS = "$(ARCHS_STANDARD_INCLUDING_64_BIT)";
				CLANG_CXX_LANGUAGE_STANDARD = "gnu++0x";
				CLANG_CXX_LIBRARY = "libc++";
				CLANG_ENABLE_MODULES = YES;
				CLANG_ENABLE_OBJC_ARC = YES;
				CLANG_WARN_BOOL_CONVERSION = YES;
				CLANG_WARN_CONSTANT_CONVERSION = YES;
				CLANG_WARN_DIRECT_OBJC_ISA_USAGE = YES_ERROR;
				CLANG_WARN_EMPTY_BODY = YES;
				CLANG_WARN_ENUM_CONVERSION = YES;
				CLANG_WARN_INT_CONVERSION = YES;
				CLANG_WARN_OBJC_ROOT_CLASS = YES_ERROR;
				CLANG_WARN__DUPLICATE_METHOD_MATCH = YES;
				"CODE_SIGN_IDENTITY[sdk=iphoneos*]" = "iPhone Developer";
				COPY_PHASE_STRIP = NO;
				GCC_C_LANGUAGE_STANDARD = gnu99;
				GCC_DYNAMIC_NO_PIC = NO;
				GCC_OPTIMIZATION_LEVEL = 0;
				GCC_PREPROCESSOR_DEFINITIONS = (
					"DEBUG=1",
					"$(inherited)",
				);
				GCC_SYMBOLS_PRIVATE_EXTERN = NO;
				GCC_WARN_64_TO_32_BIT_CONVERSION = YES;
				GCC_WARN_ABOUT_RETURN_TYPE = YES_ERROR;
				GCC_WARN_UNDECLARED_SELECTOR = YES;
				GCC_WARN_UNINITIALIZED_AUTOS = YES;
				GCC_WARN_UNUSED_FUNCTION = YES;
				GCC_WARN_UNUSED_VARIABLE = YES;
				IPHONEOS_DEPLOYMENT_TARGET = 7.0;
				ONLY_ACTIVE_ARCH = YES;
				SDKROOT = iphoneos;
			};
			name = Debug;
		};
		858C71F9180AB7AE00A99262 /* Release */ = {
			isa = XCBuildConfiguration;
			buildSettings = {
				ALWAYS_SEARCH_USER_PATHS = NO;
				ARCHS = "$(ARCHS_STANDARD_INCLUDING_64_BIT)";
				CLANG_CXX_LANGUAGE_STANDARD = "gnu++0x";
				CLANG_CXX_LIBRARY = "libc++";
				CLANG_ENABLE_MODULES = YES;
				CLANG_ENABLE_OBJC_ARC = YES;
				CLANG_WARN_BOOL_CONVERSION = YES;
				CLANG_WARN_CONSTANT_CONVERSION = YES;
				CLANG_WARN_DIRECT_OBJC_ISA_USAGE = YES_ERROR;
				CLANG_WARN_EMPTY_BODY = YES;
				CLANG_WARN_ENUM_CONVERSION = YES;
				CLANG_WARN_INT_CONVERSION = YES;
				CLANG_WARN_OBJC_ROOT_CLASS = YES_ERROR;
				CLANG_WARN__DUPLICATE_METHOD_MATCH = YES;
				"CODE_SIGN_IDENTITY[sdk=iphoneos*]" = "iPhone Developer";
				COPY_PHASE_STRIP = YES;
				ENABLE_NS_ASSERTIONS = NO;
				GCC_C_LANGUAGE_STANDARD = gnu99;
				GCC_WARN_64_TO_32_BIT_CONVERSION = YES;
				GCC_WARN_ABOUT_RETURN_TYPE = YES_ERROR;
				GCC_WARN_UNDECLARED_SELECTOR = YES;
				GCC_WARN_UNINITIALIZED_AUTOS = YES;
				GCC_WARN_UNUSED_FUNCTION = YES;
				GCC_WARN_UNUSED_VARIABLE = YES;
				IPHONEOS_DEPLOYMENT_TARGET = 7.0;
				SDKROOT = iphoneos;
				VALIDATE_PRODUCT = YES;
			};
			name = Release;
		};
		858C71FB180AB7AE00A99262 /* Debug */ = {
			isa = XCBuildConfiguration;
			buildSettings = {
				ALWAYS_SEARCH_USER_PATHS = YES;
				ARCHS = "$(ARCHS_STANDARD_INCLUDING_64_BIT)";
				ASSETCATALOG_COMPILER_APPICON_NAME = AppIcon;
				ASSETCATALOG_COMPILER_LAUNCHIMAGE_NAME = LaunchImage;
				FRAMEWORK_SEARCH_PATHS = "$(SRCROOT)";
				GCC_PRECOMPILE_PREFIX_HEADER = YES;
				GCC_PREFIX_HEADER = "caculater/caculater-Prefix.pch";
				INFOPLIST_FILE = "caculater/caculater-Info.plist";
				ONLY_ACTIVE_ARCH = YES;
				PRODUCT_NAME = "$(TARGET_NAME)";
				USER_HEADER_SEARCH_PATHS = "$(SRCROOT)/**";
				VALID_ARCHS = "armv7 armv7s";
				WRAPPER_EXTENSION = app;
			};
			name = Debug;
		};
		858C71FC180AB7AE00A99262 /* Release */ = {
			isa = XCBuildConfiguration;
			buildSettings = {
				ALWAYS_SEARCH_USER_PATHS = YES;
				ARCHS = "$(ARCHS_STANDARD_INCLUDING_64_BIT)";
				ASSETCATALOG_COMPILER_APPICON_NAME = AppIcon;
				ASSETCATALOG_COMPILER_LAUNCHIMAGE_NAME = LaunchImage;
				FRAMEWORK_SEARCH_PATHS = "";
				GCC_PRECOMPILE_PREFIX_HEADER = YES;
				GCC_PREFIX_HEADER = "caculater/caculater-Prefix.pch";
				INFOPLIST_FILE = "caculater/caculater-Info.plist";
				ONLY_ACTIVE_ARCH = YES;
				PRODUCT_NAME = "$(TARGET_NAME)";
				USER_HEADER_SEARCH_PATHS = "$(SRCROOT)/**";
				VALID_ARCHS = "armv7 armv7s";
				WRAPPER_EXTENSION = app;
			};
			name = Release;
		};
		858C71FE180AB7AE00A99262 /* Debug */ = {
			isa = XCBuildConfiguration;
			buildSettings = {
				ARCHS = "$(ARCHS_STANDARD_INCLUDING_64_BIT)";
				BUNDLE_LOADER = "$(BUILT_PRODUCTS_DIR)/caculater.app/caculater";
				FRAMEWORK_SEARCH_PATHS = (
					"$(SDKROOT)/Developer/Library/Frameworks",
					"$(inherited)",
					"$(DEVELOPER_FRAMEWORKS_DIR)",
				);
				GCC_PRECOMPILE_PREFIX_HEADER = YES;
				GCC_PREFIX_HEADER = "caculater/caculater-Prefix.pch";
				GCC_PREPROCESSOR_DEFINITIONS = (
					"DEBUG=1",
					"$(inherited)",
				);
				INFOPLIST_FILE = "caculaterTests/caculaterTests-Info.plist";
				PRODUCT_NAME = "$(TARGET_NAME)";
				TEST_HOST = "$(BUNDLE_LOADER)";
				WRAPPER_EXTENSION = xctest;
			};
			name = Debug;
		};
		858C71FF180AB7AE00A99262 /* Release */ = {
			isa = XCBuildConfiguration;
			buildSettings = {
				ARCHS = "$(ARCHS_STANDARD_INCLUDING_64_BIT)";
				BUNDLE_LOADER = "$(BUILT_PRODUCTS_DIR)/caculater.app/caculater";
				FRAMEWORK_SEARCH_PATHS = (
					"$(SDKROOT)/Developer/Library/Frameworks",
					"$(inherited)",
					"$(DEVELOPER_FRAMEWORKS_DIR)",
				);
				GCC_PRECOMPILE_PREFIX_HEADER = YES;
				GCC_PREFIX_HEADER = "caculater/caculater-Prefix.pch";
				INFOPLIST_FILE = "caculaterTests/caculaterTests-Info.plist";
				PRODUCT_NAME = "$(TARGET_NAME)";
				TEST_HOST = "$(BUNDLE_LOADER)";
				WRAPPER_EXTENSION = xctest;
			};
			name = Release;
		};
/* End XCBuildConfiguration section */

/* Begin XCConfigurationList section */
		858C71C3180AB7AE00A99262 /* Build configuration list for PBXProject "caculater" */ = {
			isa = XCConfigurationList;
			buildConfigurations = (
				858C71F8180AB7AE00A99262 /* Debug */,
				858C71F9180AB7AE00A99262 /* Release */,
			);
			defaultConfigurationIsVisible = 0;
			defaultConfigurationName = Release;
		};
		858C71FA180AB7AE00A99262 /* Build configuration list for PBXNativeTarget "caculater" */ = {
			isa = XCConfigurationList;
			buildConfigurations = (
				858C71FB180AB7AE00A99262 /* Debug */,
				858C71FC180AB7AE00A99262 /* Release */,
			);
			defaultConfigurationIsVisible = 0;
			defaultConfigurationName = Release;
		};
		858C71FD180AB7AE00A99262 /* Build configuration list for PBXNativeTarget "caculaterTests" */ = {
			isa = XCConfigurationList;
			buildConfigurations = (
				858C71FE180AB7AE00A99262 /* Debug */,
				858C71FF180AB7AE00A99262 /* Release */,
			);
			defaultConfigurationIsVisible = 0;
			defaultConfigurationName = Release;
		};
/* End XCConfigurationList section */
	};
	rootObject = 858C71C0180AB7AE00A99262 /* Project object */;
}
